%{
  "castore": {:hex, :castore, "1.0.5", "9eeebb394cc9a0f3ae56b813459f990abb0a3dedee1be6b27fdb50301930502f", [:mix], [], "hexpm", "8d7c597c3e4a64c395980882d4bca3cebb8d74197c590dc272cfd3b6a6310578"},
  "certifi": {:hex, :certifi, "2.12.0", "2d1cca2ec95f59643862af91f001478c9863c2ac9cb6e2f89780bfd8de987329", [:rebar3], [], "hexpm", "ee68d85df22e554040cdb4be100f33873ac6051387baf6a8f6ce82272340ff1c"},
  "earmark": {:hex, :earmark, "1.4.4", "4821b8d05cda507189d51f2caeef370cf1e18ca5d7dfb7d31e9cafe6688106a4", [:mix], [], "hexpm", "1f93aba7340574847c0f609da787f0d79efcab51b044bb6e242cae5aca9d264d"},
  "earmark_parser": {:hex, :earmark_parser, "1.4.15", "b29e8e729f4aa4a00436580dcc2c9c5c51890613457c193cc8525c388ccb2f06", [:mix], [], "hexpm", "044523d6438ea19c1b8ec877ec221b008661d3c27e3b848f4c879f500421ca5c"},
  "ex_doc": {:hex, :ex_doc, "0.25.3", "3edf6a0d70a39d2eafde030b8895501b1c93692effcbd21347296c18e47618ce", [:mix], [{:earmark_parser, "~> 1.4.0", [hex: :earmark_parser, repo: "hexpm", optional: false]}, {:makeup_elixir, "~> 0.14", [hex: :makeup_elixir, repo: "hexpm", optional: false]}, {:makeup_erlang, "~> 0.1", [hex: :makeup_erlang, repo: "hexpm", optional: false]}], "hexpm", "9ebebc2169ec732a38e9e779fd0418c9189b3ca93f4a676c961be6c1527913f5"},
  "excoveralls": {:hex, :excoveralls, "0.14.3", "d17dc249ad32e469afd2bc656b58e810109d4367ec6bd467bed57a84dc4a3e02", [:mix], [{:hackney, "~> 1.16", [hex: :hackney, repo: "hexpm", optional: false]}, {:jason, "~> 1.0", [hex: :jason, repo: "hexpm", optional: false]}], "hexpm", "b5aecdfdcf48e9d5e1c210841589b30981a5e7e66055cb8691a6f90b1601c108"},
  "hackney": {:hex, :hackney, "1.20.1", "8d97aec62ddddd757d128bfd1df6c5861093419f8f7a4223823537bad5d064e2", [:rebar3], [{:certifi, "~> 2.12.0", [hex: :certifi, repo: "hexpm", optional: false]}, {:idna, "~> 6.1.0", [hex: :idna, repo: "hexpm", optional: false]}, {:metrics, "~> 1.0.0", [hex: :metrics, repo: "hexpm", optional: false]}, {:mimerl, "~> 1.1", [hex: :mimerl, repo: "hexpm", optional: false]}, {:parse_trans, "3.4.1", [hex: :parse_trans, repo: "hexpm", optional: false]}, {:ssl_verify_fun, "~> 1.1.0", [hex: :ssl_verify_fun, repo: "hexpm", optional: false]}, {:unicode_util_compat, "~> 0.7.0", [hex: :unicode_util_compat, repo: "hexpm", optional: false]}], "hexpm", "fe9094e5f1a2a2c0a7d10918fee36bfec0ec2a979994cff8cfe8058cd9af38e3"},
  "idna": {:hex, :idna, "6.1.1", "8a63070e9f7d0c62eb9d9fcb360a7de382448200fbbd1b106cc96d3d8099df8d", [:rebar3], [{:unicode_util_compat, "~>0.7.0", [hex: :unicode_util_compat, repo: "hexpm", optional: false]}], "hexpm", "92376eb7894412ed19ac475e4a86f7b413c1b9fbb5bd16dccd57934157944cea"},
  "jason": {:hex, :jason, "1.4.1", "af1504e35f629ddcdd6addb3513c3853991f694921b1b9368b0bd32beb9f1b63", [:mix], [{:decimal, "~> 1.0 or ~> 2.0", [hex: :decimal, repo: "hexpm", optional: true]}], "hexpm", "fbb01ecdfd565b56261302f7e1fcc27c4fb8f32d56eab74db621fc154604a7a1"},
  "makeup": {:hex, :makeup, "1.0.5", "d5a830bc42c9800ce07dd97fa94669dfb93d3bf5fcf6ea7a0c67b2e0e4a7f26c", [:mix], [{:nimble_parsec, "~> 0.5 or ~> 1.0", [hex: :nimble_parsec, repo: "hexpm", optional: false]}], "hexpm", "cfa158c02d3f5c0c665d0af11512fed3fba0144cf1aadee0f2ce17747fba2ca9"},
  "makeup_elixir": {:hex, :makeup_elixir, "0.15.1", "b5888c880d17d1cc3e598f05cdb5b5a91b7b17ac4eaf5f297cb697663a1094dd", [:mix], [{:makeup, "~> 1.0", [hex: :makeup, repo: "hexpm", optional: false]}, {:nimble_parsec, "~> 1.1", [hex: :nimble_parsec, repo: "hexpm", optional: false]}], "hexpm", "db68c173234b07ab2a07f645a5acdc117b9f99d69ebf521821d89690ae6c6ec8"},
  "makeup_erlang": {:hex, :makeup_erlang, "0.1.1", "3fcb7f09eb9d98dc4d208f49cc955a34218fc41ff6b84df7c75b3e6e533cc65f", [:mix], [{:makeup, "~> 1.0", [hex: :makeup, repo: "hexpm", optional: false]}], "hexpm", "174d0809e98a4ef0b3309256cbf97101c6ec01c4ab0b23e926a9e17df2077cbb"},
  "metrics": {:hex, :metrics, "1.0.1", "25f094dea2cda98213cecc3aeff09e940299d950904393b2a29d191c346a8486", [:rebar3], [], "hexpm", "69b09adddc4f74a40716ae54d140f93beb0fb8978d8636eaded0c31b6f099f16"},
  "mime": {:hex, :mime, "2.0.5", "dc34c8efd439abe6ae0343edbb8556f4d63f178594894720607772a041b04b02", [:mix], [], "hexpm", "da0d64a365c45bc9935cc5c8a7fc5e49a0e0f9932a761c55d6c52b142780a05c"},
  "mimerl": {:hex, :mimerl, "1.2.0", "67e2d3f571088d5cfd3e550c383094b47159f3eee8ffa08e64106cdf5e981be3", [:rebar3], [], "hexpm", "f278585650aa581986264638ebf698f8bb19df297f66ad91b18910dfc6e19323"},
  "nimble_parsec": {:hex, :nimble_parsec, "1.1.0", "3a6fca1550363552e54c216debb6a9e95bd8d32348938e13de5eda962c0d7f89", [:mix], [], "hexpm", "08eb32d66b706e913ff748f11694b17981c0b04a33ef470e33e11b3d3ac8f54b"},
  "parse_trans": {:hex, :parse_trans, "3.4.1", "6e6aa8167cb44cc8f39441d05193be6e6f4e7c2946cb2759f015f8c56b76e5ff", [:rebar3], [], "hexpm", "620a406ce75dada827b82e453c19cf06776be266f5a67cff34e1ef2cbb60e49a"},
  "phoenix": {:hex, :phoenix, "1.7.11", "1d88fc6b05ab0c735b250932c4e6e33bfa1c186f76dcf623d8dd52f07d6379c7", [:mix], [{:castore, ">= 0.0.0", [hex: :castore, repo: "hexpm", optional: false]}, {:jason, "~> 1.0", [hex: :jason, repo: "hexpm", optional: true]}, {:phoenix_pubsub, "~> 2.1", [hex: :phoenix_pubsub, repo: "hexpm", optional: false]}, {:phoenix_template, "~> 1.0", [hex: :phoenix_template, repo: "hexpm", optional: false]}, {:phoenix_view, "~> 2.0", [hex: :phoenix_view, repo: "hexpm", optional: true]}, {:plug, "~> 1.14", [hex: :plug, repo: "hexpm", optional: false]}, {:plug_cowboy, "~> 2.7", [hex: :plug_cowboy, repo: "hexpm", optional: true]}, {:plug_crypto, "~> 1.2 or ~> 2.0", [hex: :plug_crypto, repo: "hexpm", optional: false]}, {:telemetry, "~> 0.4 or ~> 1.0", [hex: :telemetry, repo: "hexpm", optional: false]}, {:websock_adapter, "~> 0.5.3", [hex: :websock_adapter, repo: "hexpm", optional: false]}], "hexpm", "b1ec57f2e40316b306708fe59b92a16b9f6f4bf50ccfa41aa8c7feb79e0ec02a"},
  "phoenix_pubsub": {:hex, :phoenix_pubsub, "2.1.3", "3168d78ba41835aecad272d5e8cd51aa87a7ac9eb836eabc42f6e57538e3731d", [:mix], [], "hexpm", "bba06bc1dcfd8cb086759f0edc94a8ba2bc8896d5331a1e2c2902bf8e36ee502"},
  "phoenix_template": {:hex, :phoenix_template, "1.0.4", "e2092c132f3b5e5b2d49c96695342eb36d0ed514c5b252a77048d5969330d639", [:mix], [{:phoenix_html, "~> 2.14.2 or ~> 3.0 or ~> 4.0", [hex: :phoenix_html, repo: "hexpm", optional: true]}], "hexpm", "2c0c81f0e5c6753faf5cca2f229c9709919aba34fab866d3bc05060c9c444206"},
  "phoenix_view": {:hex, :phoenix_view, "1.0.0", "fea71ecaaed71178b26dd65c401607de5ec22e2e9ef141389c721b3f3d4d8011", [:mix], [{:phoenix_html, "~> 2.14.2 or ~> 3.0", [hex: :phoenix_html, repo: "hexpm", optional: true]}], "hexpm", "82be3e2516f5633220246e2e58181282c71640dab7afc04f70ad94253025db0c"},
  "plug": {:hex, :plug, "1.15.3", "712976f504418f6dff0a3e554c40d705a9bcf89a7ccef92fc6a5ef8f16a30a97", [:mix], [{:mime, "~> 1.0 or ~> 2.0", [hex: :mime, repo: "hexpm", optional: false]}, {:plug_crypto, "~> 1.1.1 or ~> 1.2 or ~> 2.0", [hex: :plug_crypto, repo: "hexpm", optional: false]}, {:telemetry, "~> 0.4.3 or ~> 1.0", [hex: :telemetry, repo: "hexpm", optional: false]}], "hexpm", "cc4365a3c010a56af402e0809208873d113e9c38c401cabd88027ef4f5c01fd2"},
  "plug_crypto": {:hex, :plug_crypto, "2.0.0", "77515cc10af06645abbfb5e6ad7a3e9714f805ae118fa1a70205f80d2d70fe73", [:mix], [], "hexpm", "53695bae57cc4e54566d993eb01074e4d894b65a3766f1c43e2c61a1b0f45ea9"},
  "ssl_verify_fun": {:hex, :ssl_verify_fun, "1.1.7", "354c321cf377240c7b8716899e182ce4890c5938111a1296add3ec74cf1715df", [:make, :mix, :rebar3], [], "hexpm", "fe4c190e8f37401d30167c8c405eda19469f34577987c76dde613e838bbc67f8"},
  "telemetry": {:hex, :telemetry, "1.2.1", "68fdfe8d8f05a8428483a97d7aab2f268aaff24b49e0f599faa091f1d4e7f61c", [:rebar3], [], "hexpm", "dad9ce9d8effc621708f99eac538ef1cbe05d6a874dd741de2e689c47feafed5"},
  "unicode_util_compat": {:hex, :unicode_util_compat, "0.7.0", "bc84380c9ab48177092f43ac89e4dfa2c6d62b40b8bd132b1059ecc7232f9a78", [:rebar3], [], "hexpm", "25eee6d67df61960cf6a794239566599b09e17e668d3700247bc498638152521"},
  "websock": {:hex, :websock, "0.5.3", "2f69a6ebe810328555b6fe5c831a851f485e303a7c8ce6c5f675abeb20ebdadc", [:mix], [], "hexpm", "6105453d7fac22c712ad66fab1d45abdf049868f253cf719b625151460b8b453"},
  "websock_adapter": {:hex, :websock_adapter, "0.5.5", "9dfeee8269b27e958a65b3e235b7e447769f66b5b5925385f5a569269164a210", [:mix], [{:bandit, ">= 0.6.0", [hex: :bandit, repo: "hexpm", optional: true]}, {:plug, "~> 1.14", [hex: :plug, repo: "hexpm", optional: false]}, {:plug_cowboy, "~> 2.6", [hex: :plug_cowboy, repo: "hexpm", optional: true]}, {:websock, "~> 0.5", [hex: :websock, repo: "hexpm", optional: false]}], "hexpm", "4b977ba4a01918acbf77045ff88de7f6972c2a009213c515a445c48f224ffce9"},
}
